
Microsoft Visual Studio Solution File, Format Version 12.00
# Visual Studio 15
Project("{FAE04EC0-301F-11D3-BF4B-00C04F79EFBC}") = "Assembly-CSharp", "Assembly-CSharp.csproj", "{FAD60AE8-4C04-299A-354E-A80FEF0D249A}"
EndProject
Global
	GlobalSection(SolutionConfigurationPlatforms) = preSolution
		Debug|Any CPU = Debug|Any CPU
		Release|Any CPU = Release|Any CPU
	EndGlobalSection
	GlobalSection(ProjectConfigurationPlatforms) = postSolution
		{FAD60AE8-4C04-299A-354E-A80FEF0D249A}.Debug|Any CPU.ActiveCfg = Debug|Any CPU
		{FAD60AE8-4C04-299A-354E-A80FEF0D249A}.Debug|Any CPU.Build.0 = Debug|Any CPU
		{FAD60AE8-4C04-299A-354E-A80FEF0D249A}.Release|Any CPU.ActiveCfg = Release|Any CPU
		{FAD60AE8-4C04-299A-354E-A80FEF0D249A}.Release|Any CPU.Build.0 = Release|Any CPU
	EndGlobalSection
	GlobalSection(SolutionProperties) = preSolution
		HideSolutionNode = FALSE
	EndGlobalSection
EndGlobal
